
Microsoft Visual Studio Solution File, Format Version 12.00
# Visual Studio 14
VisualStudioVersion = 14.0.25123.0
MinimumVisualStudioVersion = 10.0.40219.1
Project("{2150E333-8FDC-42A3-9474-1A3956D46DE8}") = "Solution Items", "Solution Items", "{446114D4-5314-4945-B633-0CC2AF5515CE}"
	ProjectSection(SolutionItems) = preProject
		Index.html = Index.html
		Logic.js = Logic.js
		MainPage.css = MainPage.css
		Scripts.js = Scripts.js
		TemplateHeader.html = TemplateHeader.html
	EndProjectSection
EndProject
Global
	GlobalSection(SolutionProperties) = preSolution
		HideSolutionNode = FALSE
	EndGlobalSection
EndGlobal
